
Microsoft Visual Studio Solution File, Format Version 12.00
# Visual Studio Version 16
VisualStudioVersion = 16.0.29409.12
MinimumVisualStudioVersion = 10.0.40219.1
Project("{FAE04EC0-301F-11D3-BF4B-00C04F79EFBC}") = "NeuralNetworkMaker", "NeuralNetworkMaker\NeuralNetworkMaker.csproj", "{B634E980-F3FD-4CCE-9097-18D4CD158FC6}"
EndProject
Project("{FAE04EC0-301F-11D3-BF4B-00C04F79EFBC}") = "NeuralNetwork.Visualizer", "..\NeuralNetwork.Visualizer\NeuralNetwork.Visualizer\NeuralNetwork.Visualizer.csproj", "{A16491C6-9E57-4439-8BD7-74FF39E89055}"
EndProject
Project("{9A19103F-16F7-4668-BE54-9A1E7A4F7556}") = "NeuralNetwork.Model", "..\NeuralNetwork.Model\NeuralNetwork.Model\NeuralNetwork.Model.csproj", "{189D29BB-E551-4FB2-92A9-B0173B522298}"
EndProject
Project("{9A19103F-16F7-4668-BE54-9A1E7A4F7556}") = "NeuralNetwork.NET", "..\NeuralNetworkNet\NeuralNetwork.NET\NeuralNetwork.NET.csproj", "{5E5761BB-A36C-4751-BE41-1D96A99DA780}"
EndProject
Project("{FAE04EC0-301F-11D3-BF4B-00C04F79EFBC}") = "NeuralNetwork.Infraestructure.Winform", "..\NeuralNetwork.Infrastructure\NeuralNetwork.Infraestructure.Winform\NeuralNetwork.Infraestructure.Winform.csproj", "{E9715583-00F7-46B1-AB2E-F25CA51B1C69}"
EndProject
Project("{9A19103F-16F7-4668-BE54-9A1E7A4F7556}") = "NeuralNetwork.Infrastructure", "..\NeuralNetwork.Infrastructure\NeuralNetwork.Infrastructure\NeuralNetwork.Infrastructure.csproj", "{AC6D29FB-B8B1-44A2-9F03-F82F8CA9E266}"
EndProject
Global
	GlobalSection(SolutionConfigurationPlatforms) = preSolution
		Debug|Any CPU = Debug|Any CPU
		Release|Any CPU = Release|Any CPU
	EndGlobalSection
	GlobalSection(ProjectConfigurationPlatforms) = postSolution
		{B634E980-F3FD-4CCE-9097-18D4CD158FC6}.Debug|Any CPU.ActiveCfg = Debug|Any CPU
		{B634E980-F3FD-4CCE-9097-18D4CD158FC6}.Debug|Any CPU.Build.0 = Debug|Any CPU
		{B634E980-F3FD-4CCE-9097-18D4CD158FC6}.Release|Any CPU.ActiveCfg = Release|Any CPU
		{B634E980-F3FD-4CCE-9097-18D4CD158FC6}.Release|Any CPU.Build.0 = Release|Any CPU
		{A16491C6-9E57-4439-8BD7-74FF39E89055}.Debug|Any CPU.ActiveCfg = Debug|Any CPU
		{A16491C6-9E57-4439-8BD7-74FF39E89055}.Debug|Any CPU.Build.0 = Debug|Any CPU
		{A16491C6-9E57-4439-8BD7-74FF39E89055}.Release|Any CPU.ActiveCfg = Release|Any CPU
		{A16491C6-9E57-4439-8BD7-74FF39E89055}.Release|Any CPU.Build.0 = Release|Any CPU
		{189D29BB-E551-4FB2-92A9-B0173B522298}.Debug|Any CPU.ActiveCfg = Debug|Any CPU
		{189D29BB-E551-4FB2-92A9-B0173B522298}.Debug|Any CPU.Build.0 = Debug|Any CPU
		{189D29BB-E551-4FB2-92A9-B0173B522298}.Release|Any CPU.ActiveCfg = Release|Any CPU
		{189D29BB-E551-4FB2-92A9-B0173B522298}.Release|Any CPU.Build.0 = Release|Any CPU
		{5E5761BB-A36C-4751-BE41-1D96A99DA780}.Debug|Any CPU.ActiveCfg = Debug|Any CPU
		{5E5761BB-A36C-4751-BE41-1D96A99DA780}.Debug|Any CPU.Build.0 = Debug|Any CPU
		{5E5761BB-A36C-4751-BE41-1D96A99DA780}.Release|Any CPU.ActiveCfg = Release|Any CPU
		{5E5761BB-A36C-4751-BE41-1D96A99DA780}.Release|Any CPU.Build.0 = Release|Any CPU
		{E9715583-00F7-46B1-AB2E-F25CA51B1C69}.Debug|Any CPU.ActiveCfg = Debug|Any CPU
		{E9715583-00F7-46B1-AB2E-F25CA51B1C69}.Debug|Any CPU.Build.0 = Debug|Any CPU
		{E9715583-00F7-46B1-AB2E-F25CA51B1C69}.Release|Any CPU.ActiveCfg = Release|Any CPU
		{E9715583-00F7-46B1-AB2E-F25CA51B1C69}.Release|Any CPU.Build.0 = Release|Any CPU
		{AC6D29FB-B8B1-44A2-9F03-F82F8CA9E266}.Debug|Any CPU.ActiveCfg = Debug|Any CPU
		{AC6D29FB-B8B1-44A2-9F03-F82F8CA9E266}.Debug|Any CPU.Build.0 = Debug|Any CPU
		{AC6D29FB-B8B1-44A2-9F03-F82F8CA9E266}.Release|Any CPU.ActiveCfg = Release|Any CPU
		{AC6D29FB-B8B1-44A2-9F03-F82F8CA9E266}.Release|Any CPU.Build.0 = Release|Any CPU
	EndGlobalSection
	GlobalSection(SolutionProperties) = preSolution
		HideSolutionNode = FALSE
	EndGlobalSection
	GlobalSection(ExtensibilityGlobals) = postSolution
		SolutionGuid = {61CB19DC-9F65-4C92-9D29-F282F44C673E}
	EndGlobalSection
EndGlobal
